{
  "name": "touhoulittlemaidbe",
  "version": "1.0.0",
  "lockfileVersion": 3,
  "requires": true,
  "packages": {
    "": {
      "name": "touhoulittlemaidbe",
      "version": "1.0.0",
      "license": "MIT",
      "devDependencies": {
        "@minecraft/server": "2.9.0-beta.1.26.34-stable",
        "@minecraft/server-ui": "2.2.0-beta.1.26.34-stable"
      }
    },
    "node_modules/@minecraft/common": {
      "version": "1.2.0",
      "resolved": "https://registry.npmjs.org/@minecraft/common/-/common-1.2.0.tgz",
      "integrity": "sha512-JdmEq4P3Z/FtoBzhLijFgMSVFnFRrUoLwY8DHHrgtFo0mfLTOLTB1RErYjLMsA6b7BGVNxkX/pfFRiH7QZ0XwQ==",
      "dev": true,
      "license": "MIT",
      "peer": true
    },
    "node_modules/@minecraft/server": {
      "version": "2.9.0-beta.1.26.34-stable",
      "resolved": "https://registry.npmjs.org/@minecraft/server/-/server-2.9.0-beta.1.26.34-stable.tgz",
      "integrity": "sha512-bDrVaZvUE/sk7cmCoqfCEFb+PAYtkNVHMMwXNhKxVA1JflGxIN8QHtiTsJioAkszFF5HmHi6KcVvaXFwOdCCIg==",
      "dev": true,
      "license": "MIT",
      "peerDependencies": {
        "@minecraft/common": "^1.2.0",
        "@minecraft/vanilla-data": ">=1.20.70"
      }
    },
    "node_modules/@minecraft/server-ui": {
      "version": "2.2.0-beta.1.26.34-stable",
      "resolved": "https://registry.npmjs.org/@minecraft/server-ui/-/server-ui-2.2.0-beta.1.26.34-stable.tgz",
      "integrity": "sha512-DvtkF6KC/GAHCIaCG/qTYmOKhniYgA3i0YVLxgafyf56xGntXpIHajGWoAnQFpe5emYeaVfQo497T0uBHFb1Pw==",
      "dev": true,
      "license": "MIT",
      "peerDependencies": {
        "@minecraft/common": "^1.0.0",
        "@minecraft/server": "^2.0.0 || ^2.9.0-beta.1.26.34-stable"
      }
    },
    "node_modules/@minecraft/vanilla-data": {
      "version": "1.21.90",
      "resolved": "https://registry.npmjs.org/@minecraft/vanilla-data/-/vanilla-data-1.21.90.tgz",
      "integrity": "sha512-Ca983n2C4mYWb3X+f73k4jCzxnBoxh88VQD4o8wfHbTFujpkO/RCWkvRWSE7fGBxrLF391OvRigKONGJ6SreJQ==",
      "dev": true,
      "license": "MIT",
      "peer": true
    }
  }
}
